
Microsoft Visual Studio Solution File, Format Version 12.00
# Visual Studio 15
VisualStudioVersion = 15.0.27130.2027
MinimumVisualStudioVersion = 10.0.40219.1
Project("{8BC9CEB8-8B4A-11D0-8D11-00A0C91BC942}") = "Projekt2", "Projekt2\Projekt2.vcxproj", "{8EB1605C-D0E5-465B-9BA9-344EFED32CB3}"
EndProject
Global
	GlobalSection(SolutionConfigurationPlatforms) = preSolution
		Debug|x64 = Debug|x64
		Debug|x86 = Debug|x86
		Release|x64 = Release|x64
		Release|x86 = Release|x86
	EndGlobalSection
	GlobalSection(ProjectConfigurationPlatforms) = postSolution
		{8EB1605C-D0E5-465B-9BA9-344EFED32CB3}.Debug|x64.ActiveCfg = Debug|x64
		{8EB1605C-D0E5-465B-9BA9-344EFED32CB3}.Debug|x64.Build.0 = Debug|x64
		{8EB1605C-D0E5-465B-9BA9-344EFED32CB3}.Debug|x86.ActiveCfg = Debug|Win32
		{8EB1605C-D0E5-465B-9BA9-344EFED32CB3}.Debug|x86.Build.0 = Debug|Win32
		{8EB1605C-D0E5-465B-9BA9-344EFED32CB3}.Release|x64.ActiveCfg = Release|x64
		{8EB1605C-D0E5-465B-9BA9-344EFED32CB3}.Release|x64.Build.0 = Release|x64
		{8EB1605C-D0E5-465B-9BA9-344EFED32CB3}.Release|x86.ActiveCfg = Release|Win32
		{8EB1605C-D0E5-465B-9BA9-344EFED32CB3}.Release|x86.Build.0 = Release|Win32
	EndGlobalSection
	GlobalSection(SolutionProperties) = preSolution
		HideSolutionNode = FALSE
	EndGlobalSection
	GlobalSection(ExtensibilityGlobals) = postSolution
		SolutionGuid = {E1294EC2-6186-4AFE-B626-F92A93EA6320}
	EndGlobalSection
EndGlobal
